
Microsoft Visual Studio Solution File, Format Version 12.00
Project("{FAE04EC0-301F-11D3-BF4B-00C04F79EFBC}") = "BAS", "BAS\BAS.csproj", "{6C160E18-F5CE-45D0-B7B7-BAE175CF107B}"
EndProject
Global
	GlobalSection(SolutionConfigurationPlatforms) = preSolution
		Debug|Any CPU = Debug|Any CPU
		Release|Any CPU = Release|Any CPU
	EndGlobalSection
	GlobalSection(ProjectConfigurationPlatforms) = postSolution
		{6C160E18-F5CE-45D0-B7B7-BAE175CF107B}.Debug|Any CPU.ActiveCfg = Debug|Any CPU
		{6C160E18-F5CE-45D0-B7B7-BAE175CF107B}.Debug|Any CPU.Build.0 = Debug|Any CPU
		{6C160E18-F5CE-45D0-B7B7-BAE175CF107B}.Release|Any CPU.ActiveCfg = Release|Any CPU
		{6C160E18-F5CE-45D0-B7B7-BAE175CF107B}.Release|Any CPU.Build.0 = Release|Any CPU
	EndGlobalSection
EndGlobal
